
Microsoft Visual Studio Solution File, Format Version 12.00
# Visual Studio Version 16
VisualStudioVersion = 16.0.29613.14
MinimumVisualStudioVersion = 10.0.40219.1
Project("{FAE04EC0-301F-11D3-BF4B-00C04F79EFBC}") = "Design.Patterns", "Design.Patterns\Design.Patterns.csproj", "{8BCD7C16-DD96-4111-94DC-7C59ECB5F70D}"
EndProject
Global
	GlobalSection(SolutionConfigurationPlatforms) = preSolution
		Debug|Any CPU = Debug|Any CPU
		Release|Any CPU = Release|Any CPU
	EndGlobalSection
	GlobalSection(ProjectConfigurationPlatforms) = postSolution
		{8BCD7C16-DD96-4111-94DC-7C59ECB5F70D}.Debug|Any CPU.ActiveCfg = Debug|Any CPU
		{8BCD7C16-DD96-4111-94DC-7C59ECB5F70D}.Debug|Any CPU.Build.0 = Debug|Any CPU
		{8BCD7C16-DD96-4111-94DC-7C59ECB5F70D}.Release|Any CPU.ActiveCfg = Release|Any CPU
		{8BCD7C16-DD96-4111-94DC-7C59ECB5F70D}.Release|Any CPU.Build.0 = Release|Any CPU
	EndGlobalSection
	GlobalSection(SolutionProperties) = preSolution
		HideSolutionNode = FALSE
	EndGlobalSection
	GlobalSection(ExtensibilityGlobals) = postSolution
		SolutionGuid = {B391FFB7-030B-451C-BB08-05904FFB77B1}
	EndGlobalSection
EndGlobal
